{
    "_meta": {
        "hash": {
            "sha256": "3c74f707dabe9d47a745e30be9ed92d54b9bc912e3014c907817ba70b9558968"
        },
        "pipfile-spec": 6,
        "requires": {
            "python_version": "3.8"
        },
        "sources": [
            {
                "name": "pypi",
                "url": "https://pypi.org/simple",
                "verify_ssl": true
            }
        ]
    },
    "default": {
        "clip": {
            "git": "https://github.com/openai/CLIP.git",
            "ref": "8cad3a736a833bc4c9b4dd34ef12b52ec0e68856"
        },
        "ftfy": {
            "hashes": [
                "sha256:ba71121a9c8d7790d3e833c6c1021143f3e5c4118293ec3afb5d43ed9ca8e72b"
            ],
            "markers": "python_version >= '3.6'",
            "version": "==6.0.3"
        },
        "numpy": {
            "hashes": [
                "sha256:01721eefe70544d548425a07c80be8377096a54118070b8a62476866d5208e33",
                "sha256:0318c465786c1f63ac05d7c4dbcecd4d2d7e13f0959b01b534ea1e92202235c5",
                "sha256:05a0f648eb28bae4bcb204e6fd14603de2908de982e761a2fc78efe0f19e96e1",
                "sha256:1412aa0aec3e00bc23fbb8664d76552b4efde98fb71f60737c83efbac24112f1",
                "sha256:25b40b98ebdd272bc3020935427a4530b7d60dfbe1ab9381a39147834e985eac",
                "sha256:2d4d1de6e6fb3d28781c73fbde702ac97f03d79e4ffd6598b880b2d95d62ead4",
                "sha256:38e8648f9449a549a7dfe8d8755a5979b45b3538520d1e735637ef28e8c2dc50",
                "sha256:4a3d5fb89bfe21be2ef47c0614b9c9c707b7362386c9a3ff1feae63e0267ccb6",
                "sha256:635e6bd31c9fb3d475c8f44a089569070d10a9ef18ed13738b03049280281267",
                "sha256:73101b2a1fef16602696d133db402a7e7586654682244344b8329cdcbbb82172",
                "sha256:791492091744b0fe390a6ce85cc1bf5149968ac7d5f0477288f78c89b385d9af",
                "sha256:7a708a79c9a9d26904d1cca8d383bf869edf6f8e7650d85dbc77b041e8c5a0f8",
                "sha256:88c0b89ad1cc24a5efbb99ff9ab5db0f9a86e9cc50240177a571fbe9c2860ac2",
                "sha256:8a326af80e86d0e9ce92bcc1e65c8ff88297de4fa14ee936cb2293d414c9ec63",
                "sha256:8a92c5aea763d14ba9d6475803fc7904bda7decc2a0a68153f587ad82941fec1",
                "sha256:91c6f5fc58df1e0a3cc0c3a717bb3308ff850abdaa6d2d802573ee2b11f674a8",
                "sha256:95b995d0c413f5d0428b3f880e8fe1660ff9396dcd1f9eedbc311f37b5652e16",
                "sha256:9749a40a5b22333467f02fe11edc98f022133ee1bfa8ab99bda5e5437b831214",
                "sha256:978010b68e17150db8765355d1ccdd450f9fc916824e8c4e35ee620590e234cd",
                "sha256:9a513bd9c1551894ee3d31369f9b07460ef223694098cf27d399513415855b68",
                "sha256:a75b4498b1e93d8b700282dc8e655b8bd559c0904b3910b144646dbbbc03e062",
                "sha256:c6a2324085dd52f96498419ba95b5777e40b6bcbc20088fddb9e8cbb58885e8e",
                "sha256:d7a4aeac3b94af92a9373d6e77b37691b86411f9745190d2c351f410ab3a791f",
                "sha256:d9e7912a56108aba9b31df688a4c4f5cb0d9d3787386b87d504762b6754fbb1b",
                "sha256:dff4af63638afcc57a3dfb9e4b26d434a7a602d225b42d746ea7fe2edf1342fd",
                "sha256:e46ceaff65609b5399163de5893d8f2a82d3c77d5e56d976c8b5fb01faa6b671",
                "sha256:f01f28075a92eede918b965e86e8f0ba7b7797a95aa8d35e1cc8821f5fc3ad6a",
                "sha256:fd7d7409fa643a91d0a05c7554dd68aa9c9bb16e186f6ccfe40d6e003156e33a"
            ],
            "markers": "python_version >= '3.7'",
            "version": "==1.21.1"
        },
        "pillow": {
            "hashes": [
                "sha256:0b2efa07f69dc395d95bb9ef3299f4ca29bcb2157dc615bae0b42c3c20668ffc",
                "sha256:114f816e4f73f9ec06997b2fde81a92cbf0777c9e8f462005550eed6bae57e63",
                "sha256:147bd9e71fb9dcf08357b4d530b5167941e222a6fd21f869c7911bac40b9994d",
                "sha256:15a2808e269a1cf2131930183dcc0419bc77bb73eb54285dde2706ac9939fa8e",
                "sha256:196560dba4da7a72c5e7085fccc5938ab4075fd37fe8b5468869724109812edd",
                "sha256:1c03e24be975e2afe70dfc5da6f187eea0b49a68bb2b69db0f30a61b7031cee4",
                "sha256:1fd5066cd343b5db88c048d971994e56b296868766e461b82fa4e22498f34d77",
                "sha256:29c9569049d04aaacd690573a0398dbd8e0bf0255684fee512b413c2142ab723",
                "sha256:2b6dfa068a8b6137da34a4936f5a816aba0ecc967af2feeb32c4393ddd671cba",
                "sha256:2cac53839bfc5cece8fdbe7f084d5e3ee61e1303cccc86511d351adcb9e2c792",
                "sha256:2ee77c14a0299d0541d26f3d8500bb57e081233e3fa915fa35abd02c51fa7fae",
                "sha256:37730f6e68bdc6a3f02d2079c34c532330d206429f3cee651aab6b66839a9f0e",
                "sha256:3f08bd8d785204149b5b33e3b5f0ebbfe2190ea58d1a051c578e29e39bfd2367",
                "sha256:479ab11cbd69612acefa8286481f65c5dece2002ffaa4f9db62682379ca3bb77",
                "sha256:4bc3c7ef940eeb200ca65bd83005eb3aae8083d47e8fcbf5f0943baa50726856",
                "sha256:660a87085925c61a0dcc80efb967512ac34dbb256ff7dd2b9b4ee8dbdab58cf4",
                "sha256:67b3666b544b953a2777cb3f5a922e991be73ab32635666ee72e05876b8a92de",
                "sha256:70af7d222df0ff81a2da601fab42decb009dc721545ed78549cb96e3a1c5f0c8",
                "sha256:75e09042a3b39e0ea61ce37e941221313d51a9c26b8e54e12b3ececccb71718a",
                "sha256:8960a8a9f4598974e4c2aeb1bff9bdd5db03ee65fd1fce8adf3223721aa2a636",
                "sha256:9364c81b252d8348e9cc0cb63e856b8f7c1b340caba6ee7a7a65c968312f7dab",
                "sha256:969cc558cca859cadf24f890fc009e1bce7d7d0386ba7c0478641a60199adf79",
                "sha256:9a211b663cf2314edbdb4cf897beeb5c9ee3810d1d53f0e423f06d6ebbf9cd5d",
                "sha256:a17ca41f45cf78c2216ebfab03add7cc350c305c38ff34ef4eef66b7d76c5229",
                "sha256:a2f381932dca2cf775811a008aa3027671ace723b7a38838045b1aee8669fdcf",
                "sha256:a4eef1ff2d62676deabf076f963eda4da34b51bc0517c70239fafed1d5b51500",
                "sha256:c088a000dfdd88c184cc7271bfac8c5b82d9efa8637cd2b68183771e3cf56f04",
                "sha256:c0e0550a404c69aab1e04ae89cca3e2a042b56ab043f7f729d984bf73ed2a093",
                "sha256:c11003197f908878164f0e6da15fce22373ac3fc320cda8c9d16e6bba105b844",
                "sha256:c2a5ff58751670292b406b9f06e07ed1446a4b13ffced6b6cab75b857485cbc8",
                "sha256:c35d09db702f4185ba22bb33ef1751ad49c266534339a5cebeb5159d364f6f82",
                "sha256:c379425c2707078dfb6bfad2430728831d399dc95a7deeb92015eb4c92345eaf",
                "sha256:cc866706d56bd3a7dbf8bac8660c6f6462f2f2b8a49add2ba617bc0c54473d83",
                "sha256:d0da39795049a9afcaadec532e7b669b5ebbb2a9134576ebcc15dd5bdae33cc0",
                "sha256:f156d6ecfc747ee111c167f8faf5f4953761b5e66e91a4e6767e548d0f80129c",
                "sha256:f4ebde71785f8bceb39dcd1e7f06bcc5d5c3cf48b9f69ab52636309387b097c8",
                "sha256:fc214a6b75d2e0ea7745488da7da3c381f41790812988c7a92345978414fad37",
                "sha256:fd7eef578f5b2200d066db1b50c4aa66410786201669fb76d5238b007918fb24",
                "sha256:ff04c373477723430dce2e9d024c708a047d44cf17166bf16e604b379bf0ca14"
            ],
            "markers": "python_version >= '3.6'",
            "version": "==8.3.1"
        },
        "regex": {
            "hashes": [
                "sha256:0eb2c6e0fcec5e0f1d3bcc1133556563222a2ffd2211945d7b1480c1b1a42a6f",
                "sha256:15dddb19823f5147e7517bb12635b3c82e6f2a3a6b696cc3e321522e8b9308ad",
                "sha256:173bc44ff95bc1e96398c38f3629d86fa72e539c79900283afa895694229fe6a",
                "sha256:1c78780bf46d620ff4fff40728f98b8afd8b8e35c3efd638c7df67be2d5cddbf",
                "sha256:2366fe0479ca0e9afa534174faa2beae87847d208d457d200183f28c74eaea59",
                "sha256:2bceeb491b38225b1fee4517107b8491ba54fba77cf22a12e996d96a3c55613d",
                "sha256:2ddeabc7652024803666ea09f32dd1ed40a0579b6fbb2a213eba590683025895",
                "sha256:2fe5e71e11a54e3355fa272137d521a40aace5d937d08b494bed4529964c19c4",
                "sha256:319eb2a8d0888fa6f1d9177705f341bc9455a2c8aca130016e52c7fe8d6c37a3",
                "sha256:3f5716923d3d0bfb27048242a6e0f14eecdb2e2a7fac47eda1d055288595f222",
                "sha256:422dec1e7cbb2efbbe50e3f1de36b82906def93ed48da12d1714cabcd993d7f0",
                "sha256:4c9c3155fe74269f61e27617529b7f09552fbb12e44b1189cebbdb24294e6e1c",
                "sha256:4f64fc59fd5b10557f6cd0937e1597af022ad9b27d454e182485f1db3008f417",
                "sha256:564a4c8a29435d1f2256ba247a0315325ea63335508ad8ed938a4f14c4116a5d",
                "sha256:59506c6e8bd9306cd8a41511e32d16d5d1194110b8cfe5a11d102d8b63cf945d",
                "sha256:598c0a79b4b851b922f504f9f39a863d83ebdfff787261a5ed061c21e67dd761",
                "sha256:59c00bb8dd8775473cbfb967925ad2c3ecc8886b3b2d0c90a8e2707e06c743f0",
                "sha256:6110bab7eab6566492618540c70edd4d2a18f40ca1d51d704f1d81c52d245026",
                "sha256:6afe6a627888c9a6cfbb603d1d017ce204cebd589d66e0703309b8048c3b0854",
                "sha256:791aa1b300e5b6e5d597c37c346fb4d66422178566bbb426dd87eaae475053fb",
                "sha256:8394e266005f2d8c6f0bc6780001f7afa3ef81a7a2111fa35058ded6fce79e4d",
                "sha256:875c355360d0f8d3d827e462b29ea7682bf52327d500a4f837e934e9e4656068",
                "sha256:89e5528803566af4df368df2d6f503c84fbfb8249e6631c7b025fe23e6bd0cde",
                "sha256:99d8ab206a5270c1002bfcf25c51bf329ca951e5a169f3b43214fdda1f0b5f0d",
                "sha256:9a854b916806c7e3b40e6616ac9e85d3cdb7649d9e6590653deb5b341a736cec",
                "sha256:b85ac458354165405c8a84725de7bbd07b00d9f72c31a60ffbf96bb38d3e25fa",
                "sha256:bc84fb254a875a9f66616ed4538542fb7965db6356f3df571d783f7c8d256edd",
                "sha256:c92831dac113a6e0ab28bc98f33781383fe294df1a2c3dfd1e850114da35fd5b",
                "sha256:cbe23b323988a04c3e5b0c387fe3f8f363bf06c0680daf775875d979e376bd26",
                "sha256:ccb3d2190476d00414aab36cca453e4596e8f70a206e2aa8db3d495a109153d2",
                "sha256:d8bbce0c96462dbceaa7ac4a7dfbbee92745b801b24bce10a98d2f2b1ea9432f",
                "sha256:db2b7df831c3187a37f3bb80ec095f249fa276dbe09abd3d35297fc250385694",
                "sha256:e586f448df2bbc37dfadccdb7ccd125c62b4348cb90c10840d695592aa1b29e0",
                "sha256:e5983c19d0beb6af88cb4d47afb92d96751fb3fa1784d8785b1cdf14c6519407",
                "sha256:e6a1e5ca97d411a461041d057348e578dc344ecd2add3555aedba3b408c9f874",
                "sha256:eaf58b9e30e0e546cdc3ac06cf9165a1ca5b3de8221e9df679416ca667972035",
                "sha256:ed693137a9187052fc46eedfafdcb74e09917166362af4cc4fddc3b31560e93d",
                "sha256:edd1a68f79b89b0c57339bce297ad5d5ffcc6ae7e1afdb10f1947706ed066c9c",
                "sha256:f080248b3e029d052bf74a897b9d74cfb7643537fbde97fe8225a6467fb559b5",
                "sha256:f9392a4555f3e4cb45310a65b403d86b589adc773898c25a39184b1ba4db8985",
                "sha256:f98dc35ab9a749276f1a4a38ab3e0e2ba1662ce710f6530f5b0a6656f1c32b58"
            ],
            "version": "==2021.7.6"
        },
        "torch": {
            "hashes": [
                "sha256:0164673908e6b291ace592d382eba3e258b3bad009b8078cad8f3b9e00d8f23e",
                "sha256:0a9e74b5057463ce4e55d9332a5670993fc9e1299c52e1740e505eda106fb355",
                "sha256:0aa4cca3f16fab40cb8dae6a49d0eccdc8f4ead9d1a6428cd9ba12befe082b2a",
                "sha256:117098d4924b260a24a47c6b3fe37f2ae41f04a2ea2eff9f553ae9210b12fa54",
                "sha256:1d8139dcc864f48dc316376384f50e47a459284ad1cb84449242f4964e25aaec",
                "sha256:3a2d070cf28860d285d4ab156f3954c0c1d12f4c037aa312a7c029227c0d106b",
                "sha256:52548b45efff772fe3810fe91daf34f981ac0ca1a7227f6226fd5693f53b5b88",
                "sha256:569ead6ae6bb0e636df0fc8af660ef03260e630dc5f2f4cf3198027e7b6bb481",
                "sha256:62c0a7e433681d0861494d1ede96d2485e4dbb3ea8fd867e8419addebf5de1af",
                "sha256:646de1bef85d6c7590e98f8ea52e47acdcf58330982e4f5d73f5ca28dea2d552",
                "sha256:7e2b14fe5b3a8266cbe2f6740c0195497507974ced7bc21e99971561913a0c28",
                "sha256:8a2b2012b3c7d6019e189496688fa77de7029a220840b406d8302d1c8021a11c",
                "sha256:95eeec3a6c42fd35aca552777b7d9979ed489760423de97c0118a45e849a61f4",
                "sha256:b296e65e25081af147af936f1e3a1f17f583a9afacfa5309742678ffef728ace",
                "sha256:d6103b9a634993bd967337a1149f9d8b23922f42a3660676239399e15c1b4515",
                "sha256:d88333091fd1627894bbf0d6dcef58a90e36bdf0d90a5d4675b5e07e72075511",
                "sha256:e596f0105f748cf09d4763152d8157aaf58d5231232eaf2c5673d4562ba86ad3",
                "sha256:ecc7193fff7741ced3db1f760666c8454d6664956288c54d1b49613b987a42f4"
            ],
            "markers": "python_full_version >= '3.6.2'",
            "version": "==1.9.0"
        },
        "torchvision": {
            "hashes": [
                "sha256:20a57ce42fa20c26d800c65d5b88dbaaa115a01f4f5623d41abfb182b854f199",
                "sha256:4796e1fb2995c6e495c5ea4e2b0fe0e4be44bd9416ef4a1349c1a406675cbdee",
                "sha256:487bbfd89575a52cd18bca8a33e24c373570e060f801265051c3a0aafc769720",
                "sha256:576d7b070f25cbfc78a710960fd8fa6d3961d640db05f7ace69d9a3e5bbf754a",
                "sha256:6b917d4762deaaa4c0cdd106403ea8384a1fdf93de424097bd71f3ebfdc76b41",
                "sha256:6d69bf15a6e885e3b8c674a524bc6b53016879cb8b0fd8537327edd2d243cab1",
                "sha256:9597da592f76d22d9e80a4a072294e093f8c3a06c404f3ff237f359b9225e097",
                "sha256:a30466893a5b97073c992859f3645e3e1f41daf2c1b4db6cb2ac8ec7d0e1f6bc",
                "sha256:a405d968e7e94c0744870eef31c977635e2123b0b46becc1461a28b7c27d3c0c",
                "sha256:aa709fa63896f93e03a03976230a51050fcd5f1b45cf663f62d91b7eaaf8ac09",
                "sha256:ad24107b2ed0ccc372af92822f1f8f5530907b6fb7520a08195cf0bb07446923",
                "sha256:ae9606cc248de9b3a077710529b11c57315d2914c8ee3099fbd93a62f56a1661",
                "sha256:bb04708354fb6d639f6e47d8066b0d546fbe0a3a68685cf8d413a6370c8f63ad",
                "sha256:ce2aae5567522f2a877c6334796721af07c164e94ff75876821fadb3310cfe7e",
                "sha256:d5c80cf058c0ecb010a97dc71225f5274e45c596bfad7505e0d000abcccb7063",
                "sha256:da65af25b51caf43327ecb3ccf550eedfd62d1f73511db44370b4b9522569b8d",
                "sha256:f26c5ba220445ee8e892033234485c9276304874e87ec9d5146779167be3148d",
                "sha256:f68291559a4cf1245c95efc5e47ebe158819aceec4e1f585d2fe133cd2c9d8e8"
            ],
            "version": "==0.10.0"
        },
        "tqdm": {
            "hashes": [
                "sha256:5aa445ea0ad8b16d82b15ab342de6b195a722d75fc1ef9934a46bba6feafbc64",
                "sha256:8bb94db0d4468fea27d004a0f1d1c02da3cdedc00fe491c0de986b76a04d6b0a"
            ],
            "markers": "python_version >= '2.7' and python_version not in '3.0, 3.1, 3.2, 3.3'",
            "version": "==4.61.2"
        },
        "typing-extensions": {
            "hashes": [
                "sha256:0ac0f89795dd19de6b97debb0c6af1c70987fd80a2d62d1958f7e56fcc31b497",
                "sha256:50b6f157849174217d0656f99dc82fe932884fb250826c18350e159ec6cdf342",
                "sha256:779383f6086d90c99ae41cf0ff39aac8a7937a9283ce0a414e5dd782f4c94a84"
            ],
            "version": "==3.10.0.0"
        },
        "wcwidth": {
            "hashes": [
                "sha256:beb4802a9cebb9144e99086eff703a642a13d6a0052920003a230f3294bbe784",
                "sha256:c4d647b99872929fdb7bdcaa4fbe7f01413ed3d98077df798530e5b04f116c83"
            ],
            "version": "==0.2.5"
        }
    },
    "develop": {
        "pycodestyle": {
            "hashes": [
                "sha256:514f76d918fcc0b55c6680472f0a37970994e07bbb80725808c17089be302068",
                "sha256:c389c1d06bf7904078ca03399a4816f974a1d590090fecea0c63ec26ebaf1cef"
            ],
            "index": "pypi",
            "version": "==2.7.0"
        }
    }
}
